
Microsoft Visual Studio Solution File, Format Version 12.00
# Visual Studio Version 17
VisualStudioVersion = 17.3.32819.101
MinimumVisualStudioVersion = 10.0.40219.1
Project("{888888A0-9F3D-457C-B088-3A5042F75D52}") = "SemiAI-Voice-Assistant", "SemiAI-Voice-Assistant.pyproj", "{AD9B6C3A-F489-4838-BF9C-4C5C3D0A0B98}"
EndProject
Global
	GlobalSection(SolutionConfigurationPlatforms) = preSolution
		Debug|Any CPU = Debug|Any CPU
		Release|Any CPU = Release|Any CPU
	EndGlobalSection
	GlobalSection(ProjectConfigurationPlatforms) = postSolution
		{AD9B6C3A-F489-4838-BF9C-4C5C3D0A0B98}.Debug|Any CPU.ActiveCfg = Debug|Any CPU
		{AD9B6C3A-F489-4838-BF9C-4C5C3D0A0B98}.Release|Any CPU.ActiveCfg = Release|Any CPU
	EndGlobalSection
	GlobalSection(SolutionProperties) = preSolution
		HideSolutionNode = FALSE
	EndGlobalSection
	GlobalSection(ExtensibilityGlobals) = postSolution
		SolutionGuid = {59CF73FC-44E9-45FF-B3C9-AAC45488D6E7}
	EndGlobalSection
EndGlobal
